hash: f98612ae55f5a3b4772e79fb96900e7d4c9e3571c7dc3a384373531a14e13c4d
updated: 2017-09-18T14:33:47.870598191-05:00
imports:
- name: github.com/influxdata/kapacitor
  version: ce586f35e89e75a1779e2b493caba15d66295a15
- name: github.com/sirupsen/logrus
  version: f006c2ac4710855cf0f916dd6b77acf6b048dc6e
- name: k8s.io/apimachinery
  version: 1fd2e63a9a370677308a42f24fd40c86438afddf
- name: k8s.io/client-go
  version: d92e8497f71b7b4e0494e5bd204b48d34bd6f254
testImports: []